
Microsoft Visual Studio Solution File, Format Version 12.00
# Visual Studio Version 17
VisualStudioVersion = 17.14.36109.1 d17.14
MinimumVisualStudioVersion = 10.0.40219.1
Project("{8BC9CEB8-8B4A-11D0-8D11-00A0C91BC942}") = "EasyX_Survival_Proto_20250522", "EasyX_Survival_Proto_20250522\EasyX_Survival_Proto_20250522.vcxproj", "{CDE2A160-B7B6-468F-BC06-467C932949B5}"
EndProject
Global
	GlobalSection(SolutionConfigurationPlatforms) = preSolution
		Debug|x64 = Debug|x64
		Debug|x86 = Debug|x86
		Release|x64 = Release|x64
		Release|x86 = Release|x86
	EndGlobalSection
	GlobalSection(ProjectConfigurationPlatforms) = postSolution
		{CDE2A160-B7B6-468F-BC06-467C932949B5}.Debug|x64.ActiveCfg = Debug|x64
		{CDE2A160-B7B6-468F-BC06-467C932949B5}.Debug|x64.Build.0 = Debug|x64
		{CDE2A160-B7B6-468F-BC06-467C932949B5}.Debug|x86.ActiveCfg = Debug|Win32
		{CDE2A160-B7B6-468F-BC06-467C932949B5}.Debug|x86.Build.0 = Debug|Win32
		{CDE2A160-B7B6-468F-BC06-467C932949B5}.Release|x64.ActiveCfg = Release|x64
		{CDE2A160-B7B6-468F-BC06-467C932949B5}.Release|x64.Build.0 = Release|x64
		{CDE2A160-B7B6-468F-BC06-467C932949B5}.Release|x86.ActiveCfg = Release|Win32
		{CDE2A160-B7B6-468F-BC06-467C932949B5}.Release|x86.Build.0 = Release|Win32
	EndGlobalSection
	GlobalSection(SolutionProperties) = preSolution
		HideSolutionNode = FALSE
	EndGlobalSection
	GlobalSection(ExtensibilityGlobals) = postSolution
		SolutionGuid = {DA3F49D2-9002-4E34-9C67-A4E53A34EB8B}
	EndGlobalSection
EndGlobal
